
Microsoft Visual Studio Solution File, Format Version 12.00
# Visual Studio Version 16
VisualStudioVersion = 16.0.810.22
MinimumVisualStudioVersion = 10.0.40219.1
Project("{FAE04EC0-301F-11D3-BF4B-00C04F79EFBC}") = "ContosoPizza", "ContosoPizza.csproj", "{00A1AE3E-747F-4BE7-9D59-5A80332E67B3}"
EndProject
Global
	GlobalSection(SolutionConfigurationPlatforms) = preSolution
		Debug|Any CPU = Debug|Any CPU
		Release|Any CPU = Release|Any CPU
	EndGlobalSection
	GlobalSection(ProjectConfigurationPlatforms) = postSolution
		{00A1AE3E-747F-4BE7-9D59-5A80332E67B3}.Debug|Any CPU.ActiveCfg = Debug|Any CPU
		{00A1AE3E-747F-4BE7-9D59-5A80332E67B3}.Debug|Any CPU.Build.0 = Debug|Any CPU
		{00A1AE3E-747F-4BE7-9D59-5A80332E67B3}.Release|Any CPU.ActiveCfg = Release|Any CPU
		{00A1AE3E-747F-4BE7-9D59-5A80332E67B3}.Release|Any CPU.Build.0 = Release|Any CPU
	EndGlobalSection
	GlobalSection(SolutionProperties) = preSolution
		HideSolutionNode = FALSE
	EndGlobalSection
	GlobalSection(ExtensibilityGlobals) = postSolution
		SolutionGuid = {0E92F8AE-0A15-47FB-8E23-5E5884B48FF3}
	EndGlobalSection
EndGlobal
